// !$*UTF8*$!
{
	archiveVersion = 1;
	classes = {
	};
	objectVersion = 46;
	objects = {

/* Begin PBXBuildFile section */
		50995CBC1C497999006A0321 /* AppDelegate.swift in Sources */ = {isa = PBXBuildFile; fileRef = 50995CBB1C497999006A0321 /* AppDelegate.swift */; };
		50995CBE1C497999006A0321 /* TextEditorViewController.swift in Sources */ = {isa = PBXBuildFile; fileRef = 50995CBD1C497999006A0321 /* TextEditorViewController.swift */; };
		50995CC31C497999006A0321 /* Assets.xcassets in Resources */ = {isa = PBXBuildFile; fileRef = 50995CC21C497999006A0321 /* Assets.xcassets */; };
		50995CC61C497999006A0321 /* LaunchScreen.storyboard in Resources */ = {isa = PBXBuildFile; fileRef = 50995CC41C497999006A0321 /* LaunchScreen.storyboard */; };
		50995CD11C49799A006A0321 /* MarkdownExampleTests.swift in Sources */ = {isa = PBXBuildFile; fileRef = 50995CD01C49799A006A0321 /* MarkdownExampleTests.swift */; };
/* End PBXBuildFile section */

/* Begin PBXContainerItemProxy section */
		50995CCD1C49799A006A0321 /* PBXContainerItemProxy */ = {
			isa = PBXContainerItemProxy;
			containerPortal = 50995CB01C497999006A0321 /* Project object */;
			proxyType = 1;
			remoteGlobalIDString = 50995CB71C497999006A0321;
			remoteInfo = MarkdownExample;
		};
/* End PBXContainerItemProxy section */

/* Begin PBXFileReference section */
		50995CB81C497999006A0321 /* MarkdownExample.app */ = {isa = PBXFileReference; explicitFileType = wrapper.application; includeInIndex = 0; path = MarkdownExample.app; sourceTree = BUILT_PRODUCTS_DIR; };
		50995CBB1C497999006A0321 /* AppDelegate.swift */ = {isa = PBXFileReference; lastKnownFileType = sourcecode.swift; path = AppDelegate.swift; sourceTree = "<group>"; };
		50995CBD1C497999006A0321 /* TextEditorViewController.swift */ = {isa = PBXFileReference; lastKnownFileType = sourcecode.swift; path = TextEditorViewController.swift; sourceTree = "<group>"; };
		50995CC21C497999006A0321 /* Assets.xcassets */ = {isa = PBXFileReference; lastKnownFileType = folder.assetcatalog; path = Assets.xcassets; sourceTree = "<group>"; };
		50995CC51C497999006A0321 /* Base */ = {isa = PBXFileReference; lastKnownFileType = file.storyboard; name = Base; path = Base.lproj/LaunchScreen.storyboard; sourceTree = "<group>"; };
		50995CC71C497999006A0321 /* Info.plist */ = {isa = PBXFileReference; lastKnownFileType = text.plist.xml; path = Info.plist; sourceTree = "<group>"; };
		50995CCC1C49799A006A0321 /* MarkdownExampleTests.xctest */ = {isa = PBXFileReference; explicitFileType = wrapper.cfbundle; includeInIndex = 0; path = MarkdownExampleTests.xctest; sourceTree = BUILT_PRODUCTS_DIR; };
		50995CD01C49799A006A0321 /* MarkdownExampleTests.swift */ = {isa = PBXFileReference; lastKnownFileType = sourcecode.swift; path = MarkdownExampleTests.swift; sourceTree = "<group>"; };
		50995CD21C49799A006A0321 /* Info.plist */ = {isa = PBXFileReference; lastKnownFileType = text.plist.xml; path = Info.plist; sourceTree = "<group>"; };
/* End PBXFileReference section */

/* Begin PBXFrameworksBuildPhase section */
		50995CB51C497999006A0321 /* Frameworks */ = {
			isa = PBXFrameworksBuildPhase;
			buildActionMask = 2147483647;
			files = (
			);
			runOnlyForDeploymentPostprocessing = 0;
		};
		50995CC91C49799A006A0321 /* Frameworks */ = {
			isa = PBXFrameworksBuildPhase;
			buildActionMask = 2147483647;
			files = (
			);
			runOnlyForDeploymentPostprocessing = 0;
		};
/* End PBXFrameworksBuildPhase section */

/* Begin PBXGroup section */
		50995CAF1C497999006A0321 = {
			isa = PBXGroup;
			children = (
				50995CBA1C497999006A0321 /* MarkdownExample */,
				50995CCF1C49799A006A0321 /* MarkdownExampleTests */,
				50995CB91C497999006A0321 /* Products */,
			);
			sourceTree = "<group>";
		};
		50995CB91C497999006A0321 /* Products */ = {
			isa = PBXGroup;
			children = (
				50995CB81C497999006A0321 /* MarkdownExample.app */,
				50995CCC1C49799A006A0321 /* MarkdownExampleTests.xctest */,
			);
			name = Products;
			sourceTree = "<group>";
		};
		50995CBA1C497999006A0321 /* MarkdownExample */ = {
			isa = PBXGroup;
			children = (
				50995CBB1C497999006A0321 /* AppDelegate.swift */,
				50995CBD1C497999006A0321 /* TextEditorViewController.swift */,
				50995CC21C497999006A0321 /* Assets.xcassets */,
				50995CC41C497999006A0321 /* LaunchScreen.storyboard */,
				50995CC71C497999006A0321 /* Info.plist */,
			);
			path = MarkdownExample;
			sourceTree = "<group>";
		};
		50995CCF1C49799A006A0321 /* MarkdownExampleTests */ = {
			isa = PBXGroup;
			children = (
				50995CD01C49799A006A0321 /* MarkdownExampleTests.swift */,
				50995CD21C49799A006A0321 /* Info.plist */,
			);
			path = MarkdownExampleTests;
			sourceTree = "<group>";
		};
/* End PBXGroup section */

/* Begin PBXNativeTarget section */
		50995CB71C497999006A0321 /* MarkdownExample */ = {
			isa = PBXNativeTarget;
			buildConfigurationList = 50995CD51C49799A006A0321 /* Build configuration list for PBXNativeTarget "MarkdownExample" */;
			buildPhases = (
				50995CB41C497999006A0321 /* Sources */,
				50995CB51C497999006A0321 /* Frameworks */,
				50995CB61C497999006A0321 /* Resources */,
			);
			buildRules = (
			);
			dependencies = (
			);
			name = MarkdownExample;
			productName = MarkdownExample;
			productReference = 50995CB81C497999006A0321 /* MarkdownExample.app */;
			productType = "com.apple.product-type.application";
		};
		50995CCB1C49799A006A0321 /* MarkdownExampleTests */ = {
			isa = PBXNativeTarget;
			buildConfigurationList = 50995CD81C49799A006A0321 /* Build configuration list for PBXNativeTarget "MarkdownExampleTests" */;
			buildPhases = (
				50995CC81C49799A006A0321 /* Sources */,
				50995CC91C49799A006A0321 /* Frameworks */,
				50995CCA1C49799A006A0321 /* Resources */,
			);
			buildRules = (
			);
			dependencies = (
				50995CCE1C49799A006A0321 /* PBXTargetDependency */,
			);
			name = MarkdownExampleTests;
			productName = MarkdownExampleTests;
			productReference = 50995CCC1C49799A006A0321 /* MarkdownExampleTests.xctest */;
			productType = "com.apple.product-type.bundle.unit-test";
		};
/* End PBXNativeTarget section */

/* Begin PBXProject section */
		50995CB01C497999006A0321 /* Project object */ = {
			isa = PBXProject;
			attributes = {
				LastSwiftUpdateCheck = 0720;
				LastUpgradeCheck = 0720;
				ORGANIZATIONNAME = Canvas;
				TargetAttributes = {
					50995CB71C497999006A0321 = {
						CreatedOnToolsVersion = 7.2;
					};
					50995CCB1C49799A006A0321 = {
						CreatedOnToolsVersion = 7.2;
						TestTargetID = 50995CB71C497999006A0321;
					};
				};
			};
			buildConfigurationList = 50995CB31C497999006A0321 /* Build configuration list for PBXProject "MarkdownExample" */;
			compatibilityVersion = "Xcode 3.2";
			developmentRegion = English;
			hasScannedForEncodings = 0;
			knownRegions = (
				en,
				Base,
			);
			mainGroup = 50995CAF1C497999006A0321;
			productRefGroup = 50995CB91C497999006A0321 /* Products */;
			projectDirPath = "";
			projectRoot = "";
			targets = (
				50995CB71C497999006A0321 /* MarkdownExample */,
				50995CCB1C49799A006A0321 /* MarkdownExampleTests */,
			);
		};
/* End PBXProject section */

/* Begin PBXResourcesBuildPhase section */
		50995CB61C497999006A0321 /* Resources */ = {
			isa = PBXResourcesBuildPhase;
			buildActionMask = 2147483647;
			files = (
				50995CC61C497999006A0321 /* LaunchScreen.storyboard in Resources */,
				50995CC31C497999006A0321 /* Assets.xcassets in Resources */,
			);
			runOnlyForDeploymentPostprocessing = 0;
		};
		50995CCA1C49799A006A0321 /* Resources */ = {
			isa = PBXResourcesBuildPhase;
			buildActionMask = 2147483647;
			files = (
			);
			runOnlyForDeploymentPostprocessing = 0;
		};
/* End PBXResourcesBuildPhase section */

/* Begin PBXSourcesBuildPhase section */
		50995CB41C497999006A0321 /* Sources */ = {
			isa = PBXSourcesBuildPhase;
			buildActionMask = 2147483647;
			files = (
				50995CBE1C497999006A0321 /* TextEditorViewController.swift in Sources */,
				50995CBC1C497999006A0321 /* AppDelegate.swift in Sources */,
			);
			runOnlyForDeploymentPostprocessing = 0;
		};
		50995CC81C49799A006A0321 /* Sources */ = {
			isa = PBXSourcesBuildPhase;
			buildActionMask = 2147483647;
			files = (
				50995CD11C49799A006A0321 /* MarkdownExampleTests.swift in Sources */,
			);
			runOnlyForDeploymentPostprocessing = 0;
		};
/* End PBXSourcesBuildPhase section */

/* Begin PBXTargetDependency section */
		50995CCE1C49799A006A0321 /* PBXTargetDependency */ = {
			isa = PBXTargetDependency;
			target = 50995CB71C497999006A0321 /* MarkdownExample */;
			targetProxy = 50995CCD1C49799A006A0321 /* PBXContainerItemProxy */;
		};
/* End PBXTargetDependency section */

/* Begin PBXVariantGroup section */
		50995CC41C497999006A0321 /* LaunchScreen.storyboard */ = {
			isa = PBXVariantGroup;
			children = (
				50995CC51C497999006A0321 /* Base */,
			);
			name = LaunchScreen.storyboard;
			sourceTree = "<group>";
		};
/* End PBXVariantGroup section */

/* Begin XCBuildConfiguration section */
		50995CD31C49799A006A0321 /* Debug */ = {
			isa = XCBuildConfiguration;
			buildSettings = {
				ALWAYS_SEARCH_USER_PATHS = NO;
				CLANG_CXX_LANGUAGE_STANDARD = "gnu++0x";
				CLANG_CXX_LIBRARY = "libc++";
				CLANG_ENABLE_MODULES = YES;
				CLANG_ENABLE_OBJC_ARC = YES;
				CLANG_WARN_BOOL_CONVERSION = YES;
				CLANG_WARN_CONSTANT_CONVERSION = YES;
				CLANG_WARN_DIRECT_OBJC_ISA_USAGE = YES_ERROR;
				CLANG_WARN_EMPTY_BODY = YES;
				CLANG_WARN_ENUM_CONVERSION = YES;
				CLANG_WARN_INT_CONVERSION = YES;
				CLANG_WARN_OBJC_ROOT_CLASS = YES_ERROR;
				CLANG_WARN_UNREACHABLE_CODE = YES;
				CLANG_WARN__DUPLICATE_METHOD_MATCH = YES;
				"CODE_SIGN_IDENTITY[sdk=iphoneos*]" = "iPhone Developer";
				COPY_PHASE_STRIP = NO;
				DEBUG_INFORMATION_FORMAT = dwarf;
				ENABLE_STRICT_OBJC_MSGSEND = YES;
				ENABLE_TESTABILITY = YES;
				GCC_C_LANGUAGE_STANDARD = gnu99;
				GCC_DYNAMIC_NO_PIC = NO;
				GCC_NO_COMMON_BLOCKS = YES;
				GCC_OPTIMIZATION_LEVEL = 0;
				GCC_PREPROCESSOR_DEFINITIONS = (
					"DEBUG=1",
					"$(inherited)",
				);
				GCC_WARN_64_TO_32_BIT_CONVERSION = YES;
				GCC_WARN_ABOUT_RETURN_TYPE = YES_ERROR;
				GCC_WARN_UNDECLARED_SELECTOR = YES;
				GCC_WARN_UNINITIALIZED_AUTOS = YES_AGGRESSIVE;
				GCC_WARN_UNUSED_FUNCTION = YES;
				GCC_WARN_UNUSED_VARIABLE = YES;
				IPHONEOS_DEPLOYMENT_TARGET = 9.2;
				MTL_ENABLE_DEBUG_INFO = YES;
				ONLY_ACTIVE_ARCH = YES;
				SDKROOT = iphoneos;
				SWIFT_OPTIMIZATION_LEVEL = "-Onone";
				TARGETED_DEVICE_FAMILY = "1,2";
			};
			name = Debug;
		};
		50995CD41C49799A006A0321 /* Release */ = {
			isa = XCBuildConfiguration;
			buildSettings = {
				ALWAYS_SEARCH_USER_PATHS = NO;
				CLANG_CXX_LANGUAGE_STANDARD = "gnu++0x";
				CLANG_CXX_LIBRARY = "libc++";
				CLANG_ENABLE_MODULES = YES;
				CLANG_ENABLE_OBJC_ARC = YES;
				CLANG_WARN_BOOL_CONVERSION = YES;
				CLANG_WARN_CONSTANT_CONVERSION = YES;
				CLANG_WARN_DIRECT_OBJC_ISA_USAGE = YES_ERROR;
				CLANG_WARN_EMPTY_BODY = YES;
				CLANG_WARN_ENUM_CONVERSION = YES;
				CLANG_WARN_INT_CONVERSION = YES;
				CLANG_WARN_OBJC_ROOT_CLASS = YES_ERROR;
				CLANG_WARN_UNREACHABLE_CODE = YES;
				CLANG_WARN__DUPLICATE_METHOD_MATCH = YES;
				"CODE_SIGN_IDENTITY[sdk=iphoneos*]" = "iPhone Developer";
				COPY_PHASE_STRIP = NO;
				DEBUG_INFORMATION_FORMAT = "dwarf-with-dsym";
				ENABLE_NS_ASSERTIONS = NO;
				ENABLE_STRICT_OBJC_MSGSEND = YES;
				GCC_C_LANGUAGE_STANDARD = gnu99;
				GCC_NO_COMMON_BLOCKS = YES;
				GCC_WARN_64_TO_32_BIT_CONVERSION = YES;
				GCC_WARN_ABOUT_RETURN_TYPE = YES_ERROR;
				GCC_WARN_UNDECLARED_SELECTOR = YES;
				GCC_WARN_UNINITIALIZED_AUTOS = YES_AGGRESSIVE;
				GCC_WARN_UNUSED_FUNCTION = YES;
				GCC_WARN_UNUSED_VARIABLE = YES;
				IPHONEOS_DEPLOYMENT_TARGET = 9.2;
				MTL_ENABLE_DEBUG_INFO = NO;
				SDKROOT = iphoneos;
				TARGETED_DEVICE_FAMILY = "1,2";
				VALIDATE_PRODUCT = YES;
			};
			name = Release;
		};
		50995CD61C49799A006A0321 /* Debug */ = {
			isa = XCBuildConfiguration;
			buildSettings = {
				ASSETCATALOG_COMPILER_APPICON_NAME = AppIcon;
				INFOPLIST_FILE = MarkdownExample/Info.plist;
				LD_RUNPATH_SEARCH_PATHS = "$(inherited) @executable_path/Frameworks";
				PRODUCT_BUNDLE_IDENTIFIER = com.usecanvas.MarkdownExample;
				PRODUCT_NAME = "$(TARGET_NAME)";
			};
			name = Debug;
		};
		50995CD71C49799A006A0321 /* Release */ = {
			isa = XCBuildConfiguration;
			buildSettings = {
				ASSETCATALOG_COMPILER_APPICON_NAME = AppIcon;
				INFOPLIST_FILE = MarkdownExample/Info.plist;
				LD_RUNPATH_SEARCH_PATHS = "$(inherited) @executable_path/Frameworks";
				PRODUCT_BUNDLE_IDENTIFIER = com.usecanvas.MarkdownExample;
				PRODUCT_NAME = "$(TARGET_NAME)";
			};
			name = Release;
		};
		50995CD91C49799A006A0321 /* Debug */ = {
			isa = XCBuildConfiguration;
			buildSettings = {
				BUNDLE_LOADER = "$(TEST_HOST)";
				INFOPLIST_FILE = MarkdownExampleTests/Info.plist;
				LD_RUNPATH_SEARCH_PATHS = "$(inherited) @executable_path/Frameworks @loader_path/Frameworks";
				PRODUCT_BUNDLE_IDENTIFIER = com.usecanvas.MarkdownExampleTests;
				PRODUCT_NAME = "$(TARGET_NAME)";
				TEST_HOST = "$(BUILT_PRODUCTS_DIR)/MarkdownExample.app/MarkdownExample";
			};
			name = Debug;
		};
		50995CDA1C49799A006A0321 /* Release */ = {
			isa = XCBuildConfiguration;
			buildSettings = {
				BUNDLE_LOADER = "$(TEST_HOST)";
				INFOPLIST_FILE = MarkdownExampleTests/Info.plist;
				LD_RUNPATH_SEARCH_PATHS = "$(inherited) @executable_path/Frameworks @loader_path/Frameworks";
				PRODUCT_BUNDLE_IDENTIFIER = com.usecanvas.MarkdownExampleTests;
				PRODUCT_NAME = "$(TARGET_NAME)";
				TEST_HOST = "$(BUILT_PRODUCTS_DIR)/MarkdownExample.app/MarkdownExample";
			};
			name = Release;
		};
/* End XCBuildConfiguration section */

/* Begin XCConfigurationList section */
		50995CB31C497999006A0321 /* Build configuration list for PBXProject "MarkdownExample" */ = {
			isa = XCConfigurationList;
			buildConfigurations = (
				50995CD31C49799A006A0321 /* Debug */,
				50995CD41C49799A006A0321 /* Release */,
			);
			defaultConfigurationIsVisible = 0;
			defaultConfigurationName = Release;
		};
		50995CD51C49799A006A0321 /* Build configuration list for PBXNativeTarget "MarkdownExample" */ = {
			isa = XCConfigurationList;
			buildConfigurations = (
				50995CD61C49799A006A0321 /* Debug */,
				50995CD71C49799A006A0321 /* Release */,
			);
			defaultConfigurationIsVisible = 0;
		};
		50995CD81C49799A006A0321 /* Build configuration list for PBXNativeTarget "MarkdownExampleTests" */ = {
			isa = XCConfigurationList;
			buildConfigurations = (
				50995CD91C49799A006A0321 /* Debug */,
				50995CDA1C49799A006A0321 /* Release */,
			);
			defaultConfigurationIsVisible = 0;
		};
/* End XCConfigurationList section */
	};
	rootObject = 50995CB01C497999006A0321 /* Project object */;
}
